
Microsoft Visual Studio Solution File, Format Version 12.00
# Visual Studio Version 17
VisualStudioVersion = 17.9.34902.65
MinimumVisualStudioVersion = 10.0.40219.1
Project("{9A19103F-16F7-4668-BE54-9A1E7A4F7556}") = "SportStats", "SportStats.csproj", "{53B58FC1-ED7D-4D19-BEE3-A1839DC9A3C7}"
EndProject
Global
	GlobalSection(SolutionConfigurationPlatforms) = preSolution
		Debug|Any CPU = Debug|Any CPU
		Release|Any CPU = Release|Any CPU
	EndGlobalSection
	GlobalSection(ProjectConfigurationPlatforms) = postSolution
		{53B58FC1-ED7D-4D19-BEE3-A1839DC9A3C7}.Debug|Any CPU.ActiveCfg = Debug|Any CPU
		{53B58FC1-ED7D-4D19-BEE3-A1839DC9A3C7}.Debug|Any CPU.Build.0 = Debug|Any CPU
		{53B58FC1-ED7D-4D19-BEE3-A1839DC9A3C7}.Release|Any CPU.ActiveCfg = Release|Any CPU
		{53B58FC1-ED7D-4D19-BEE3-A1839DC9A3C7}.Release|Any CPU.Build.0 = Release|Any CPU
	EndGlobalSection
	GlobalSection(SolutionProperties) = preSolution
		HideSolutionNode = FALSE
	EndGlobalSection
	GlobalSection(ExtensibilityGlobals) = postSolution
		SolutionGuid = {A02BF2EE-BD89-4B64-88AF-E44DF3C4DD1A}
	EndGlobalSection
EndGlobal
